// !$*UTF8*$!
{
	archiveVersion = 1;
	classes = {
	};
	objectVersion = 55;
	objects = {

/* Begin PBXBuildFile section */
		8A313405282AC72F00C4C859 /* KillswitchMakerApp.swift in Sources */ = {isa = PBXBuildFile; fileRef = 8A3133F5282AC72D00C4C859 /* KillswitchMakerApp.swift */; };
		8A313406282AC72F00C4C859 /* KillswitchMakerApp.swift in Sources */ = {isa = PBXBuildFile; fileRef = 8A3133F5282AC72D00C4C859 /* KillswitchMakerApp.swift */; };
		8A313407282AC72F00C4C859 /* KillswitchListView.swift in Sources */ = {isa = PBXBuildFile; fileRef = 8A3133F6282AC72D00C4C859 /* KillswitchListView.swift */; };
		8A313408282AC72F00C4C859 /* KillswitchListView.swift in Sources */ = {isa = PBXBuildFile; fileRef = 8A3133F6282AC72D00C4C859 /* KillswitchListView.swift */; };
		8A313409282AC72F00C4C859 /* Assets.xcassets in Resources */ = {isa = PBXBuildFile; fileRef = 8A3133F7282AC72F00C4C859 /* Assets.xcassets */; };
		8A31340A282AC72F00C4C859 /* Assets.xcassets in Resources */ = {isa = PBXBuildFile; fileRef = 8A3133F7282AC72F00C4C859 /* Assets.xcassets */; };
		8A313419282AC88A00C4C859 /* KillSwitchApiService.swift in Sources */ = {isa = PBXBuildFile; fileRef = 8A313418282AC88A00C4C859 /* KillSwitchApiService.swift */; };
		8A313421282ACC1200C4C859 /* KillswitchListViewModel.swift in Sources */ = {isa = PBXBuildFile; fileRef = 8A313420282ACC1200C4C859 /* KillswitchListViewModel.swift */; };
		8A313422282ACC1200C4C859 /* KillswitchListViewModel.swift in Sources */ = {isa = PBXBuildFile; fileRef = 8A313420282ACC1200C4C859 /* KillswitchListViewModel.swift */; };
		8A313426282AD6AB00C4C859 /* KillSwitchApiService.swift in Sources */ = {isa = PBXBuildFile; fileRef = 8A313418282AC88A00C4C859 /* KillSwitchApiService.swift */; };
		8A313428282ADB0F00C4C859 /* KillSwitchCreationView.swift in Sources */ = {isa = PBXBuildFile; fileRef = 8A313427282ADB0F00C4C859 /* KillSwitchCreationView.swift */; };
		8A313429282ADB0F00C4C859 /* KillSwitchCreationView.swift in Sources */ = {isa = PBXBuildFile; fileRef = 8A313427282ADB0F00C4C859 /* KillSwitchCreationView.swift */; };
		8A31342D282ADB3200C4C859 /* ApplicationNavigationView.swift in Sources */ = {isa = PBXBuildFile; fileRef = 8A31342C282ADB3200C4C859 /* ApplicationNavigationView.swift */; };
		8A31342E282ADB3200C4C859 /* ApplicationNavigationView.swift in Sources */ = {isa = PBXBuildFile; fileRef = 8A31342C282ADB3200C4C859 /* ApplicationNavigationView.swift */; };
		8A313430282AE16100C4C859 /* KillSwitchDetailView.swift in Sources */ = {isa = PBXBuildFile; fileRef = 8A31342F282AE16100C4C859 /* KillSwitchDetailView.swift */; };
		8A313431282AE16100C4C859 /* KillSwitchDetailView.swift in Sources */ = {isa = PBXBuildFile; fileRef = 8A31342F282AE16100C4C859 /* KillSwitchDetailView.swift */; };
		8A313437282AFABA00C4C859 /* KillSwitchCreationViewModel.swift in Sources */ = {isa = PBXBuildFile; fileRef = 8A313436282AFABA00C4C859 /* KillSwitchCreationViewModel.swift */; };
		8A313438282AFABA00C4C859 /* KillSwitchCreationViewModel.swift in Sources */ = {isa = PBXBuildFile; fileRef = 8A313436282AFABA00C4C859 /* KillSwitchCreationViewModel.swift */; };
		8A4E3C85282C4F8D001D664B /* URL+Extensions.swift in Sources */ = {isa = PBXBuildFile; fileRef = 8A4E3C84282C4F8D001D664B /* URL+Extensions.swift */; };
		8A4E3C86282C4F91001D664B /* URL+Extensions.swift in Sources */ = {isa = PBXBuildFile; fileRef = 8A4E3C84282C4F8D001D664B /* URL+Extensions.swift */; };
		8AF6E56B282B26CF00B17163 /* KillSwitchCoreKit in Frameworks */ = {isa = PBXBuildFile; productRef = 8AF6E56A282B26CF00B17163 /* KillSwitchCoreKit */; };
/* End PBXBuildFile section */

/* Begin PBXFileReference section */
		8A3133F5282AC72D00C4C859 /* KillswitchMakerApp.swift */ = {isa = PBXFileReference; lastKnownFileType = sourcecode.swift; path = KillswitchMakerApp.swift; sourceTree = "<group>"; };
		8A3133F6282AC72D00C4C859 /* KillswitchListView.swift */ = {isa = PBXFileReference; lastKnownFileType = sourcecode.swift; path = KillswitchListView.swift; sourceTree = "<group>"; };
		8A3133F7282AC72F00C4C859 /* Assets.xcassets */ = {isa = PBXFileReference; lastKnownFileType = folder.assetcatalog; path = Assets.xcassets; sourceTree = "<group>"; };
		8A3133FC282AC72F00C4C859 /* KillswitchMaker.app */ = {isa = PBXFileReference; explicitFileType = wrapper.application; includeInIndex = 0; path = KillswitchMaker.app; sourceTree = BUILT_PRODUCTS_DIR; };
		8A313402282AC72F00C4C859 /* KillswitchMaker.app */ = {isa = PBXFileReference; explicitFileType = wrapper.application; includeInIndex = 0; path = KillswitchMaker.app; sourceTree = BUILT_PRODUCTS_DIR; };
		8A313404282AC72F00C4C859 /* macOS.entitlements */ = {isa = PBXFileReference; lastKnownFileType = text.plist.entitlements; path = macOS.entitlements; sourceTree = "<group>"; };
		8A313418282AC88A00C4C859 /* KillSwitchApiService.swift */ = {isa = PBXFileReference; lastKnownFileType = sourcecode.swift; path = KillSwitchApiService.swift; sourceTree = "<group>"; };
		8A313420282ACC1200C4C859 /* KillswitchListViewModel.swift */ = {isa = PBXFileReference; lastKnownFileType = sourcecode.swift; path = KillswitchListViewModel.swift; sourceTree = "<group>"; };
		8A313427282ADB0F00C4C859 /* KillSwitchCreationView.swift */ = {isa = PBXFileReference; lastKnownFileType = sourcecode.swift; path = KillSwitchCreationView.swift; sourceTree = "<group>"; };
		8A31342C282ADB3200C4C859 /* ApplicationNavigationView.swift */ = {isa = PBXFileReference; lastKnownFileType = sourcecode.swift; path = ApplicationNavigationView.swift; sourceTree = "<group>"; };
		8A31342F282AE16100C4C859 /* KillSwitchDetailView.swift */ = {isa = PBXFileReference; lastKnownFileType = sourcecode.swift; path = KillSwitchDetailView.swift; sourceTree = "<group>"; };
		8A313432282AEBC100C4C859 /* Info.plist */ = {isa = PBXFileReference; lastKnownFileType = text.plist.xml; path = Info.plist; sourceTree = "<group>"; };
		8A313436282AFABA00C4C859 /* KillSwitchCreationViewModel.swift */ = {isa = PBXFileReference; lastKnownFileType = sourcecode.swift; path = KillSwitchCreationViewModel.swift; sourceTree = "<group>"; };
		8A4E3C84282C4F8D001D664B /* URL+Extensions.swift */ = {isa = PBXFileReference; lastKnownFileType = sourcecode.swift; path = "URL+Extensions.swift"; sourceTree = "<group>"; };
/* End PBXFileReference section */

/* Begin PBXFrameworksBuildPhase section */
		8A3133F9282AC72F00C4C859 /* Frameworks */ = {
			isa = PBXFrameworksBuildPhase;
			buildActionMask = 2147483647;
			files = (
				8AF6E56B282B26CF00B17163 /* KillSwitchCoreKit in Frameworks */,
			);
			runOnlyForDeploymentPostprocessing = 0;
		};
		8A3133FF282AC72F00C4C859 /* Frameworks */ = {
			isa = PBXFrameworksBuildPhase;
			buildActionMask = 2147483647;
			files = (
			);
			runOnlyForDeploymentPostprocessing = 0;
		};
/* End PBXFrameworksBuildPhase section */

/* Begin PBXGroup section */
		8A3133EF282AC72D00C4C859 = {
			isa = PBXGroup;
			children = (
				8A313413282AC74000C4C859 /* iOS */,
				8A3133F4282AC72D00C4C859 /* Shared */,
				8A313403282AC72F00C4C859 /* macOS */,
				8A3133FD282AC72F00C4C859 /* Products */,
				8A313423282AD69F00C4C859 /* Frameworks */,
			);
			sourceTree = "<group>";
		};
		8A3133F4282AC72D00C4C859 /* Shared */ = {
			isa = PBXGroup;
			children = (
				8A4E3C83282C4F80001D664B /* Extensions */,
				8A31341E282ACBE700C4C859 /* Components */,
				8A31341A282AC90F00C4C859 /* Config */,
				8A313417282AC87400C4C859 /* Service */,
				8A3133F5282AC72D00C4C859 /* KillswitchMakerApp.swift */,
				8A3133F7282AC72F00C4C859 /* Assets.xcassets */,
			);
			path = Shared;
			sourceTree = "<group>";
		};
		8A3133FD282AC72F00C4C859 /* Products */ = {
			isa = PBXGroup;
			children = (
				8A3133FC282AC72F00C4C859 /* KillswitchMaker.app */,
				8A313402282AC72F00C4C859 /* KillswitchMaker.app */,
			);
			name = Products;
			sourceTree = "<group>";
		};
		8A313403282AC72F00C4C859 /* macOS */ = {
			isa = PBXGroup;
			children = (
				8A313404282AC72F00C4C859 /* macOS.entitlements */,
			);
			path = macOS;
			sourceTree = "<group>";
		};
		8A313413282AC74000C4C859 /* iOS */ = {
			isa = PBXGroup;
			children = (
				8A313432282AEBC100C4C859 /* Info.plist */,
			);
			path = iOS;
			sourceTree = "<group>";
		};
		8A313417282AC87400C4C859 /* Service */ = {
			isa = PBXGroup;
			children = (
				8A313418282AC88A00C4C859 /* KillSwitchApiService.swift */,
			);
			path = Service;
			sourceTree = "<group>";
		};
		8A31341A282AC90F00C4C859 /* Config */ = {
			isa = PBXGroup;
			children = (
			);
			path = Config;
			sourceTree = "<group>";
		};
		8A31341E282ACBE700C4C859 /* Components */ = {
			isa = PBXGroup;
			children = (
				8A31342B282ADB2400C4C859 /* Navigation */,
				8A31342A282ADB1E00C4C859 /* Creation */,
				8A31341F282ACBF800C4C859 /* Killswitch List */,
			);
			path = Components;
			sourceTree = "<group>";
		};
		8A31341F282ACBF800C4C859 /* Killswitch List */ = {
			isa = PBXGroup;
			children = (
				8A3133F6282AC72D00C4C859 /* KillswitchListView.swift */,
				8A31342F282AE16100C4C859 /* KillSwitchDetailView.swift */,
				8A313420282ACC1200C4C859 /* KillswitchListViewModel.swift */,
			);
			path = "Killswitch List";
			sourceTree = "<group>";
		};
		8A313423282AD69F00C4C859 /* Frameworks */ = {
			isa = PBXGroup;
			children = (
			);
			name = Frameworks;
			sourceTree = "<group>";
		};
		8A31342A282ADB1E00C4C859 /* Creation */ = {
			isa = PBXGroup;
			children = (
				8A313427282ADB0F00C4C859 /* KillSwitchCreationView.swift */,
				8A313436282AFABA00C4C859 /* KillSwitchCreationViewModel.swift */,
			);
			path = Creation;
			sourceTree = "<group>";
		};
		8A31342B282ADB2400C4C859 /* Navigation */ = {
			isa = PBXGroup;
			children = (
				8A31342C282ADB3200C4C859 /* ApplicationNavigationView.swift */,
			);
			path = Navigation;
			sourceTree = "<group>";
		};
		8A4E3C83282C4F80001D664B /* Extensions */ = {
			isa = PBXGroup;
			children = (
				8A4E3C84282C4F8D001D664B /* URL+Extensions.swift */,
			);
			path = Extensions;
			sourceTree = "<group>";
		};
/* End PBXGroup section */

/* Begin PBXNativeTarget section */
		8A3133FB282AC72F00C4C859 /* KillswitchMaker (iOS) */ = {
			isa = PBXNativeTarget;
			buildConfigurationList = 8A31340D282AC72F00C4C859 /* Build configuration list for PBXNativeTarget "KillswitchMaker (iOS)" */;
			buildPhases = (
				8A3133F8282AC72F00C4C859 /* Sources */,
				8A3133F9282AC72F00C4C859 /* Frameworks */,
				8A3133FA282AC72F00C4C859 /* Resources */,
			);
			buildRules = (
			);
			dependencies = (
			);
			name = "KillswitchMaker (iOS)";
			packageProductDependencies = (
				8AF6E56A282B26CF00B17163 /* KillSwitchCoreKit */,
			);
			productName = "KillswitchMaker (iOS)";
			productReference = 8A3133FC282AC72F00C4C859 /* KillswitchMaker.app */;
			productType = "com.apple.product-type.application";
		};
		8A313401282AC72F00C4C859 /* KillswitchMaker (macOS) */ = {
			isa = PBXNativeTarget;
			buildConfigurationList = 8A313410282AC72F00C4C859 /* Build configuration list for PBXNativeTarget "KillswitchMaker (macOS)" */;
			buildPhases = (
				8A3133FE282AC72F00C4C859 /* Sources */,
				8A3133FF282AC72F00C4C859 /* Frameworks */,
				8A313400282AC72F00C4C859 /* Resources */,
			);
			buildRules = (
			);
			dependencies = (
			);
			name = "KillswitchMaker (macOS)";
			packageProductDependencies = (
			);
			productName = "KillswitchMaker (macOS)";
			productReference = 8A313402282AC72F00C4C859 /* KillswitchMaker.app */;
			productType = "com.apple.product-type.application";
		};
/* End PBXNativeTarget section */

/* Begin PBXProject section */
		8A3133F0282AC72D00C4C859 /* Project object */ = {
			isa = PBXProject;
			attributes = {
				BuildIndependentTargetsInParallel = 1;
				LastSwiftUpdateCheck = 1330;
				LastUpgradeCheck = 1330;
				TargetAttributes = {
					8A3133FB282AC72F00C4C859 = {
						CreatedOnToolsVersion = 13.3;
					};
					8A313401282AC72F00C4C859 = {
						CreatedOnToolsVersion = 13.3;
					};
				};
			};
			buildConfigurationList = 8A3133F3282AC72D00C4C859 /* Build configuration list for PBXProject "KillswitchMaker" */;
			compatibilityVersion = "Xcode 13.0";
			developmentRegion = en;
			hasScannedForEncodings = 0;
			knownRegions = (
				en,
				Base,
			);
			mainGroup = 8A3133EF282AC72D00C4C859;
			packageReferences = (
				8AF6E569282B26CF00B17163 /* XCRemoteSwiftPackageReference "KillSwitchCoreKit" */,
			);
			productRefGroup = 8A3133FD282AC72F00C4C859 /* Products */;
			projectDirPath = "";
			projectRoot = "";
			targets = (
				8A3133FB282AC72F00C4C859 /* KillswitchMaker (iOS) */,
				8A313401282AC72F00C4C859 /* KillswitchMaker (macOS) */,
			);
		};
/* End PBXProject section */

/* Begin PBXResourcesBuildPhase section */
		8A3133FA282AC72F00C4C859 /* Resources */ = {
			isa = PBXResourcesBuildPhase;
			buildActionMask = 2147483647;
			files = (
				8A313409282AC72F00C4C859 /* Assets.xcassets in Resources */,
			);
			runOnlyForDeploymentPostprocessing = 0;
		};
		8A313400282AC72F00C4C859 /* Resources */ = {
			isa = PBXResourcesBuildPhase;
			buildActionMask = 2147483647;
			files = (
				8A31340A282AC72F00C4C859 /* Assets.xcassets in Resources */,
			);
			runOnlyForDeploymentPostprocessing = 0;
		};
/* End PBXResourcesBuildPhase section */

/* Begin PBXSourcesBuildPhase section */
		8A3133F8282AC72F00C4C859 /* Sources */ = {
			isa = PBXSourcesBuildPhase;
			buildActionMask = 2147483647;
			files = (
				8A313419282AC88A00C4C859 /* KillSwitchApiService.swift in Sources */,
				8A313437282AFABA00C4C859 /* KillSwitchCreationViewModel.swift in Sources */,
				8A313428282ADB0F00C4C859 /* KillSwitchCreationView.swift in Sources */,
				8A313407282AC72F00C4C859 /* KillswitchListView.swift in Sources */,
				8A4E3C85282C4F8D001D664B /* URL+Extensions.swift in Sources */,
				8A313430282AE16100C4C859 /* KillSwitchDetailView.swift in Sources */,
				8A31342D282ADB3200C4C859 /* ApplicationNavigationView.swift in Sources */,
				8A313421282ACC1200C4C859 /* KillswitchListViewModel.swift in Sources */,
				8A313405282AC72F00C4C859 /* KillswitchMakerApp.swift in Sources */,
			);
			runOnlyForDeploymentPostprocessing = 0;
		};
		8A3133FE282AC72F00C4C859 /* Sources */ = {
			isa = PBXSourcesBuildPhase;
			buildActionMask = 2147483647;
			files = (
				8A313408282AC72F00C4C859 /* KillswitchListView.swift in Sources */,
				8A313438282AFABA00C4C859 /* KillSwitchCreationViewModel.swift in Sources */,
				8A313429282ADB0F00C4C859 /* KillSwitchCreationView.swift in Sources */,
				8A313422282ACC1200C4C859 /* KillswitchListViewModel.swift in Sources */,
				8A4E3C86282C4F91001D664B /* URL+Extensions.swift in Sources */,
				8A313431282AE16100C4C859 /* KillSwitchDetailView.swift in Sources */,
				8A31342E282ADB3200C4C859 /* ApplicationNavigationView.swift in Sources */,
				8A313426282AD6AB00C4C859 /* KillSwitchApiService.swift in Sources */,
				8A313406282AC72F00C4C859 /* KillswitchMakerApp.swift in Sources */,
			);
			runOnlyForDeploymentPostprocessing = 0;
		};
/* End PBXSourcesBuildPhase section */

/* Begin XCBuildConfiguration section */
		8A31340B282AC72F00C4C859 /* Debug */ = {
			isa = XCBuildConfiguration;
			buildSettings = {
				ALWAYS_SEARCH_USER_PATHS = NO;
				CLANG_ANALYZER_NONNULL = YES;
				CLANG_ANALYZER_NUMBER_OBJECT_CONVERSION = YES_AGGRESSIVE;
				CLANG_CXX_LANGUAGE_STANDARD = "gnu++17";
				CLANG_ENABLE_MODULES = YES;
				CLANG_ENABLE_OBJC_ARC = YES;
				CLANG_ENABLE_OBJC_WEAK = YES;
				CLANG_WARN_BLOCK_CAPTURE_AUTORELEASING = YES;
				CLANG_WARN_BOOL_CONVERSION = YES;
				CLANG_WARN_COMMA = YES;
				CLANG_WARN_CONSTANT_CONVERSION = YES;
				CLANG_WARN_DEPRECATED_OBJC_IMPLEMENTATIONS = YES;
				CLANG_WARN_DIRECT_OBJC_ISA_USAGE = YES_ERROR;
				CLANG_WARN_DOCUMENTATION_COMMENTS = YES;
				CLANG_WARN_EMPTY_BODY = YES;
				CLANG_WARN_ENUM_CONVERSION = YES;
				CLANG_WARN_INFINITE_RECURSION = YES;
				CLANG_WARN_INT_CONVERSION = YES;
				CLANG_WARN_NON_LITERAL_NULL_CONVERSION = YES;
				CLANG_WARN_OBJC_IMPLICIT_RETAIN_SELF = YES;
				CLANG_WARN_OBJC_LITERAL_CONVERSION = YES;
				CLANG_WARN_OBJC_ROOT_CLASS = YES_ERROR;
				CLANG_WARN_QUOTED_INCLUDE_IN_FRAMEWORK_HEADER = YES;
				CLANG_WARN_RANGE_LOOP_ANALYSIS = YES;
				CLANG_WARN_STRICT_PROTOTYPES = YES;
				CLANG_WARN_SUSPICIOUS_MOVE = YES;
				CLANG_WARN_UNGUARDED_AVAILABILITY = YES_AGGRESSIVE;
				CLANG_WARN_UNREACHABLE_CODE = YES;
				CLANG_WARN__DUPLICATE_METHOD_MATCH = YES;
				COPY_PHASE_STRIP = NO;
				DEBUG_INFORMATION_FORMAT = dwarf;
				ENABLE_STRICT_OBJC_MSGSEND = YES;
				ENABLE_TESTABILITY = YES;
				GCC_C_LANGUAGE_STANDARD = gnu11;
				GCC_DYNAMIC_NO_PIC = NO;
				GCC_NO_COMMON_BLOCKS = YES;
				GCC_OPTIMIZATION_LEVEL = 0;
				GCC_PREPROCESSOR_DEFINITIONS = (
					"DEBUG=1",
					"$(inherited)",
				);
				GCC_WARN_64_TO_32_BIT_CONVERSION = YES;
				GCC_WARN_ABOUT_RETURN_TYPE = YES_ERROR;
				GCC_WARN_UNDECLARED_SELECTOR = YES;
				GCC_WARN_UNINITIALIZED_AUTOS = YES_AGGRESSIVE;
				GCC_WARN_UNUSED_FUNCTION = YES;
				GCC_WARN_UNUSED_VARIABLE = YES;
				MTL_ENABLE_DEBUG_INFO = INCLUDE_SOURCE;
				MTL_FAST_MATH = YES;
				ONLY_ACTIVE_ARCH = YES;
				SWIFT_ACTIVE_COMPILATION_CONDITIONS = DEBUG;
				SWIFT_OPTIMIZATION_LEVEL = "-Onone";
			};
			name = Debug;
		};
		8A31340C282AC72F00C4C859 /* Release */ = {
			isa = XCBuildConfiguration;
			buildSettings = {
				ALWAYS_SEARCH_USER_PATHS = NO;
				CLANG_ANALYZER_NONNULL = YES;
				CLANG_ANALYZER_NUMBER_OBJECT_CONVERSION = YES_AGGRESSIVE;
				CLANG_CXX_LANGUAGE_STANDARD = "gnu++17";
				CLANG_ENABLE_MODULES = YES;
				CLANG_ENABLE_OBJC_ARC = YES;
				CLANG_ENABLE_OBJC_WEAK = YES;
				CLANG_WARN_BLOCK_CAPTURE_AUTORELEASING = YES;
				CLANG_WARN_BOOL_CONVERSION = YES;
				CLANG_WARN_COMMA = YES;
				CLANG_WARN_CONSTANT_CONVERSION = YES;
				CLANG_WARN_DEPRECATED_OBJC_IMPLEMENTATIONS = YES;
				CLANG_WARN_DIRECT_OBJC_ISA_USAGE = YES_ERROR;
				CLANG_WARN_DOCUMENTATION_COMMENTS = YES;
				CLANG_WARN_EMPTY_BODY = YES;
				CLANG_WARN_ENUM_CONVERSION = YES;
				CLANG_WARN_INFINITE_RECURSION = YES;
				CLANG_WARN_INT_CONVERSION = YES;
				CLANG_WARN_NON_LITERAL_NULL_CONVERSION = YES;
				CLANG_WARN_OBJC_IMPLICIT_RETAIN_SELF = YES;
				CLANG_WARN_OBJC_LITERAL_CONVERSION = YES;
				CLANG_WARN_OBJC_ROOT_CLASS = YES_ERROR;
				CLANG_WARN_QUOTED_INCLUDE_IN_FRAMEWORK_HEADER = YES;
				CLANG_WARN_RANGE_LOOP_ANALYSIS = YES;
				CLANG_WARN_STRICT_PROTOTYPES = YES;
				CLANG_WARN_SUSPICIOUS_MOVE = YES;
				CLANG_WARN_UNGUARDED_AVAILABILITY = YES_AGGRESSIVE;
				CLANG_WARN_UNREACHABLE_CODE = YES;
				CLANG_WARN__DUPLICATE_METHOD_MATCH = YES;
				COPY_PHASE_STRIP = NO;
				DEBUG_INFORMATION_FORMAT = "dwarf-with-dsym";
				ENABLE_NS_ASSERTIONS = NO;
				ENABLE_STRICT_OBJC_MSGSEND = YES;
				GCC_C_LANGUAGE_STANDARD = gnu11;
				GCC_NO_COMMON_BLOCKS = YES;
				GCC_WARN_64_TO_32_BIT_CONVERSION = YES;
				GCC_WARN_ABOUT_RETURN_TYPE = YES_ERROR;
				GCC_WARN_UNDECLARED_SELECTOR = YES;
				GCC_WARN_UNINITIALIZED_AUTOS = YES_AGGRESSIVE;
				GCC_WARN_UNUSED_FUNCTION = YES;
				GCC_WARN_UNUSED_VARIABLE = YES;
				MTL_ENABLE_DEBUG_INFO = NO;
				MTL_FAST_MATH = YES;
				SWIFT_COMPILATION_MODE = wholemodule;
				SWIFT_OPTIMIZATION_LEVEL = "-O";
			};
			name = Release;
		};
		8A31340E282AC72F00C4C859 /* Debug */ = {
			isa = XCBuildConfiguration;
			buildSettings = {
				ASSETCATALOG_COMPILER_APPICON_NAME = AppIcon;
				ASSETCATALOG_COMPILER_GLOBAL_ACCENT_COLOR_NAME = AccentColor;
				CODE_SIGN_STYLE = Automatic;
				CURRENT_PROJECT_VERSION = 1;
				DEVELOPMENT_TEAM = 7RX27UE56F;
				ENABLE_PREVIEWS = YES;
				GENERATE_INFOPLIST_FILE = YES;
				INFOPLIST_FILE = "$(SRCROOT)/iOS/Info.plist";
				INFOPLIST_KEY_UIApplicationSceneManifest_Generation = YES;
				INFOPLIST_KEY_UIApplicationSupportsIndirectInputEvents = YES;
				INFOPLIST_KEY_UILaunchScreen_Generation = YES;
				INFOPLIST_KEY_UISupportedInterfaceOrientations_iPad = "UIInterfaceOrientationPortrait UIInterfaceOrientationPortraitUpsideDown UIInterfaceOrientationLandscapeLeft UIInterfaceOrientationLandscapeRight";
				INFOPLIST_KEY_UISupportedInterfaceOrientations_iPhone = "UIInterfaceOrientationPortrait UIInterfaceOrientationLandscapeLeft UIInterfaceOrientationLandscapeRight";
				IPHONEOS_DEPLOYMENT_TARGET = 15.4;
				LD_RUNPATH_SEARCH_PATHS = (
					"$(inherited)",
					"@executable_path/Frameworks",
				);
				MARKETING_VERSION = 1.0;
				PRODUCT_BUNDLE_IDENTIFIER = donrakes.KillswitchMaker;
				PRODUCT_NAME = KillswitchMaker;
				SDKROOT = iphoneos;
				SWIFT_EMIT_LOC_STRINGS = YES;
				SWIFT_VERSION = 5.0;
				TARGETED_DEVICE_FAMILY = "1,2";
			};
			name = Debug;
		};
		8A31340F282AC72F00C4C859 /* Release */ = {
			isa = XCBuildConfiguration;
			buildSettings = {
				ASSETCATALOG_COMPILER_APPICON_NAME = AppIcon;
				ASSETCATALOG_COMPILER_GLOBAL_ACCENT_COLOR_NAME = AccentColor;
				CODE_SIGN_STYLE = Automatic;
				CURRENT_PROJECT_VERSION = 1;
				DEVELOPMENT_TEAM = 7RX27UE56F;
				ENABLE_PREVIEWS = YES;
				GENERATE_INFOPLIST_FILE = YES;
				INFOPLIST_FILE = "$(SRCROOT)/iOS/Info.plist";
				INFOPLIST_KEY_UIApplicationSceneManifest_Generation = YES;
				INFOPLIST_KEY_UIApplicationSupportsIndirectInputEvents = YES;
				INFOPLIST_KEY_UILaunchScreen_Generation = YES;
				INFOPLIST_KEY_UISupportedInterfaceOrientations_iPad = "UIInterfaceOrientationPortrait UIInterfaceOrientationPortraitUpsideDown UIInterfaceOrientationLandscapeLeft UIInterfaceOrientationLandscapeRight";
				INFOPLIST_KEY_UISupportedInterfaceOrientations_iPhone = "UIInterfaceOrientationPortrait UIInterfaceOrientationLandscapeLeft UIInterfaceOrientationLandscapeRight";
				IPHONEOS_DEPLOYMENT_TARGET = 15.4;
				LD_RUNPATH_SEARCH_PATHS = (
					"$(inherited)",
					"@executable_path/Frameworks",
				);
				MARKETING_VERSION = 1.0;
				PRODUCT_BUNDLE_IDENTIFIER = donrakes.KillswitchMaker;
				PRODUCT_NAME = KillswitchMaker;
				SDKROOT = iphoneos;
				SWIFT_EMIT_LOC_STRINGS = YES;
				SWIFT_VERSION = 5.0;
				TARGETED_DEVICE_FAMILY = "1,2";
				VALIDATE_PRODUCT = YES;
			};
			name = Release;
		};
		8A313411282AC72F00C4C859 /* Debug */ = {
			isa = XCBuildConfiguration;
			buildSettings = {
				ASSETCATALOG_COMPILER_APPICON_NAME = AppIcon;
				ASSETCATALOG_COMPILER_GLOBAL_ACCENT_COLOR_NAME = AccentColor;
				CODE_SIGN_ENTITLEMENTS = macOS/macOS.entitlements;
				CODE_SIGN_STYLE = Automatic;
				COMBINE_HIDPI_IMAGES = YES;
				CURRENT_PROJECT_VERSION = 1;
				DEVELOPMENT_TEAM = RJTQGATJ7B;
				ENABLE_HARDENED_RUNTIME = YES;
				ENABLE_PREVIEWS = YES;
				GENERATE_INFOPLIST_FILE = YES;
				INFOPLIST_KEY_NSHumanReadableCopyright = "";
				LD_RUNPATH_SEARCH_PATHS = (
					"$(inherited)",
					"@executable_path/../Frameworks",
				);
				MACOSX_DEPLOYMENT_TARGET = 12.3;
				MARKETING_VERSION = 1.0;
				PRODUCT_BUNDLE_IDENTIFIER = donrakes.KillswitchMaker;
				PRODUCT_NAME = KillswitchMaker;
				SDKROOT = macosx;
				SWIFT_EMIT_LOC_STRINGS = YES;
				SWIFT_VERSION = 5.0;
			};
			name = Debug;
		};
		8A313412282AC72F00C4C859 /* Release */ = {
			isa = XCBuildConfiguration;
			buildSettings = {
				ASSETCATALOG_COMPILER_APPICON_NAME = AppIcon;
				ASSETCATALOG_COMPILER_GLOBAL_ACCENT_COLOR_NAME = AccentColor;
				CODE_SIGN_ENTITLEMENTS = macOS/macOS.entitlements;
				CODE_SIGN_STYLE = Automatic;
				COMBINE_HIDPI_IMAGES = YES;
				CURRENT_PROJECT_VERSION = 1;
				DEVELOPMENT_TEAM = RJTQGATJ7B;
				ENABLE_HARDENED_RUNTIME = YES;
				ENABLE_PREVIEWS = YES;
				GENERATE_INFOPLIST_FILE = YES;
				INFOPLIST_KEY_NSHumanReadableCopyright = "";
				LD_RUNPATH_SEARCH_PATHS = (
					"$(inherited)",
					"@executable_path/../Frameworks",
				);
				MACOSX_DEPLOYMENT_TARGET = 12.3;
				MARKETING_VERSION = 1.0;
				PRODUCT_BUNDLE_IDENTIFIER = donrakes.KillswitchMaker;
				PRODUCT_NAME = KillswitchMaker;
				SDKROOT = macosx;
				SWIFT_EMIT_LOC_STRINGS = YES;
				SWIFT_VERSION = 5.0;
			};
			name = Release;
		};
/* End XCBuildConfiguration section */

/* Begin XCConfigurationList section */
		8A3133F3282AC72D00C4C859 /* Build configuration list for PBXProject "KillswitchMaker" */ = {
			isa = XCConfigurationList;
			buildConfigurations = (
				8A31340B282AC72F00C4C859 /* Debug */,
				8A31340C282AC72F00C4C859 /* Release */,
			);
			defaultConfigurationIsVisible = 0;
			defaultConfigurationName = Release;
		};
		8A31340D282AC72F00C4C859 /* Build configuration list for PBXNativeTarget "KillswitchMaker (iOS)" */ = {
			isa = XCConfigurationList;
			buildConfigurations = (
				8A31340E282AC72F00C4C859 /* Debug */,
				8A31340F282AC72F00C4C859 /* Release */,
			);
			defaultConfigurationIsVisible = 0;
			defaultConfigurationName = Release;
		};
		8A313410282AC72F00C4C859 /* Build configuration list for PBXNativeTarget "KillswitchMaker (macOS)" */ = {
			isa = XCConfigurationList;
			buildConfigurations = (
				8A313411282AC72F00C4C859 /* Debug */,
				8A313412282AC72F00C4C859 /* Release */,
			);
			defaultConfigurationIsVisible = 0;
			defaultConfigurationName = Release;
		};
/* End XCConfigurationList section */

/* Begin XCRemoteSwiftPackageReference section */
		8AF6E569282B26CF00B17163 /* XCRemoteSwiftPackageReference "KillSwitchCoreKit" */ = {
			isa = XCRemoteSwiftPackageReference;
			repositoryURL = "https://github.com/rakesthedon/KillSwitchCoreKit.git";
			requirement = {
				kind = upToNextMajorVersion;
				minimumVersion = 0.0.3;
			};
		};
/* End XCRemoteSwiftPackageReference section */

/* Begin XCSwiftPackageProductDependency section */
		8AF6E56A282B26CF00B17163 /* KillSwitchCoreKit */ = {
			isa = XCSwiftPackageProductDependency;
			package = 8AF6E569282B26CF00B17163 /* XCRemoteSwiftPackageReference "KillSwitchCoreKit" */;
			productName = KillSwitchCoreKit;
		};
/* End XCSwiftPackageProductDependency section */
	};
	rootObject = 8A3133F0282AC72D00C4C859 /* Project object */;
}
